{
  "name": "femview",
  "version": "1.0.0",
  "lockfileVersion": 3,
  "requires": true,
  "packages": {
    "": {
      "name": "femview",
      "version": "1.0.0",
      "license": "ISC",
      "dependencies": {
        "h5wasm": "^0.7.4"
      }
    },
    "node_modules/h5wasm": {
      "version": "0.7.4",
      "resolved": "https://registry.npmjs.org/h5wasm/-/h5wasm-0.7.4.tgz",
      "integrity": "sha512-JmkW/R/cSBn1axJmZKuIUN2HIKisUhNncsJPwojUspS8Y3puKs8L/l9CH7VDIKgUIV8jiccEGFeOz2tWPD877g=="
    }
  }
}
